
Microsoft Visual Studio Solution File, Format Version 12.00
# Visual Studio Version 17
VisualStudioVersion = 17.6.33723.286
MinimumVisualStudioVersion = 10.0.40219.1
Project("{FAE04EC0-301F-11D3-BF4B-00C04F79EFBC}") = "Core", "Core\Core.csproj", "{77D6E0A7-0DBF-49DB-BA87-5DB6743952D8}"
EndProject
Project("{FAE04EC0-301F-11D3-BF4B-00C04F79EFBC}") = "Application", "Application\Application.csproj", "{95A3DB1F-0EF3-46D4-9A2A-FA585FE23DF7}"
EndProject
Project("{FAE04EC0-301F-11D3-BF4B-00C04F79EFBC}") = "Infrastructure", "Infrastructure\Infrastructure.csproj", "{05A91A63-F945-4629-B405-B8A770BBD2F9}"
EndProject
Project("{FAE04EC0-301F-11D3-BF4B-00C04F79EFBC}") = "API", "API\API.csproj", "{4B066E45-263E-4E89-96CC-2A795835B001}"
EndProject
Global
	GlobalSection(SolutionConfigurationPlatforms) = preSolution
		Debug|Any CPU = Debug|Any CPU
		Release|Any CPU = Release|Any CPU
	EndGlobalSection
	GlobalSection(ProjectConfigurationPlatforms) = postSolution
		{77D6E0A7-0DBF-49DB-BA87-5DB6743952D8}.Debug|Any CPU.ActiveCfg = Debug|Any CPU
		{77D6E0A7-0DBF-49DB-BA87-5DB6743952D8}.Debug|Any CPU.Build.0 = Debug|Any CPU
		{77D6E0A7-0DBF-49DB-BA87-5DB6743952D8}.Release|Any CPU.ActiveCfg = Release|Any CPU
		{77D6E0A7-0DBF-49DB-BA87-5DB6743952D8}.Release|Any CPU.Build.0 = Release|Any CPU
		{95A3DB1F-0EF3-46D4-9A2A-FA585FE23DF7}.Debug|Any CPU.ActiveCfg = Debug|Any CPU
		{95A3DB1F-0EF3-46D4-9A2A-FA585FE23DF7}.Debug|Any CPU.Build.0 = Debug|Any CPU
		{95A3DB1F-0EF3-46D4-9A2A-FA585FE23DF7}.Release|Any CPU.ActiveCfg = Release|Any CPU
		{95A3DB1F-0EF3-46D4-9A2A-FA585FE23DF7}.Release|Any CPU.Build.0 = Release|Any CPU
		{05A91A63-F945-4629-B405-B8A770BBD2F9}.Debug|Any CPU.ActiveCfg = Debug|Any CPU
		{05A91A63-F945-4629-B405-B8A770BBD2F9}.Debug|Any CPU.Build.0 = Debug|Any CPU
		{05A91A63-F945-4629-B405-B8A770BBD2F9}.Release|Any CPU.ActiveCfg = Release|Any CPU
		{05A91A63-F945-4629-B405-B8A770BBD2F9}.Release|Any CPU.Build.0 = Release|Any CPU
		{4B066E45-263E-4E89-96CC-2A795835B001}.Debug|Any CPU.ActiveCfg = Debug|Any CPU
		{4B066E45-263E-4E89-96CC-2A795835B001}.Debug|Any CPU.Build.0 = Debug|Any CPU
		{4B066E45-263E-4E89-96CC-2A795835B001}.Release|Any CPU.ActiveCfg = Release|Any CPU
		{4B066E45-263E-4E89-96CC-2A795835B001}.Release|Any CPU.Build.0 = Release|Any CPU
	EndGlobalSection
	GlobalSection(SolutionProperties) = preSolution
		HideSolutionNode = FALSE
	EndGlobalSection
	GlobalSection(ExtensibilityGlobals) = postSolution
		SolutionGuid = {87AE78D3-45A8-488D-99C6-165ED14C1539}
	EndGlobalSection
EndGlobal
